
Microsoft Visual Studio Solution File, Format Version 12.00
# Visual Studio Version 17
VisualStudioVersion = 17.3.32901.215
MinimumVisualStudioVersion = 10.0.40219.1
Project("{9A19103F-16F7-4668-BE54-9A1E7A4F7556}") = "Asp.net core MVC Products project", "Asp.net core MVC Products project\Asp.net core MVC Products project.csproj", "{54E49D57-AC2A-4C35-8781-74B873E879A6}"
EndProject
Project("{FAE04EC0-301F-11D3-BF4B-00C04F79EFBC}") = "MyApp.Models", "MyApp.Models\MyApp.Models.csproj", "{B4A8D98A-AAA9-4CAB-93EB-2DA8646F8229}"
EndProject
Project("{FAE04EC0-301F-11D3-BF4B-00C04F79EFBC}") = "MyApp.DataAccessLayer", "MyApp.DataAccessLayer\MyApp.DataAccessLayer.csproj", "{EB9B270B-688D-43AA-9C52-1E4EFA3B8EE5}"
EndProject
Global
	GlobalSection(SolutionConfigurationPlatforms) = preSolution
		Debug|Any CPU = Debug|Any CPU
		Release|Any CPU = Release|Any CPU
	EndGlobalSection
	GlobalSection(ProjectConfigurationPlatforms) = postSolution
		{54E49D57-AC2A-4C35-8781-74B873E879A6}.Debug|Any CPU.ActiveCfg = Debug|Any CPU
		{54E49D57-AC2A-4C35-8781-74B873E879A6}.Debug|Any CPU.Build.0 = Debug|Any CPU
		{54E49D57-AC2A-4C35-8781-74B873E879A6}.Release|Any CPU.ActiveCfg = Release|Any CPU
		{54E49D57-AC2A-4C35-8781-74B873E879A6}.Release|Any CPU.Build.0 = Release|Any CPU
		{B4A8D98A-AAA9-4CAB-93EB-2DA8646F8229}.Debug|Any CPU.ActiveCfg = Debug|Any CPU
		{B4A8D98A-AAA9-4CAB-93EB-2DA8646F8229}.Debug|Any CPU.Build.0 = Debug|Any CPU
		{B4A8D98A-AAA9-4CAB-93EB-2DA8646F8229}.Release|Any CPU.ActiveCfg = Release|Any CPU
		{B4A8D98A-AAA9-4CAB-93EB-2DA8646F8229}.Release|Any CPU.Build.0 = Release|Any CPU
		{EB9B270B-688D-43AA-9C52-1E4EFA3B8EE5}.Debug|Any CPU.ActiveCfg = Debug|Any CPU
		{EB9B270B-688D-43AA-9C52-1E4EFA3B8EE5}.Debug|Any CPU.Build.0 = Debug|Any CPU
		{EB9B270B-688D-43AA-9C52-1E4EFA3B8EE5}.Release|Any CPU.ActiveCfg = Release|Any CPU
		{EB9B270B-688D-43AA-9C52-1E4EFA3B8EE5}.Release|Any CPU.Build.0 = Release|Any CPU
	EndGlobalSection
	GlobalSection(SolutionProperties) = preSolution
		HideSolutionNode = FALSE
	EndGlobalSection
	GlobalSection(ExtensibilityGlobals) = postSolution
		SolutionGuid = {326E3F37-3E43-4FEA-93C0-08BE27897D07}
	EndGlobalSection
EndGlobal
